
Microsoft Visual Studio Solution File, Format Version 12.00
# Visual Studio Version 17
VisualStudioVersion = 17.0.32014.148
MinimumVisualStudioVersion = 10.0.40219.1
Project("{8BC9CEB8-8B4A-11D0-8D11-00A0C91BC942}") = "ConsoleApplication1", "ConsoleApplication1\ConsoleApplication1.vcxproj", "{874AE2B7-C797-423A-8D42-F368FB7F69DC}"
EndProject
Global
	GlobalSection(SolutionConfigurationPlatforms) = preSolution
		Debug|x64 = Debug|x64
		Debug|x86 = Debug|x86
		Release|x64 = Release|x64
		Release|x86 = Release|x86
	EndGlobalSection
	GlobalSection(ProjectConfigurationPlatforms) = postSolution
		{874AE2B7-C797-423A-8D42-F368FB7F69DC}.Debug|x64.ActiveCfg = Debug|x64
		{874AE2B7-C797-423A-8D42-F368FB7F69DC}.Debug|x64.Build.0 = Debug|x64
		{874AE2B7-C797-423A-8D42-F368FB7F69DC}.Debug|x86.ActiveCfg = Debug|Win32
		{874AE2B7-C797-423A-8D42-F368FB7F69DC}.Debug|x86.Build.0 = Debug|Win32
		{874AE2B7-C797-423A-8D42-F368FB7F69DC}.Release|x64.ActiveCfg = Release|x64
		{874AE2B7-C797-423A-8D42-F368FB7F69DC}.Release|x64.Build.0 = Release|x64
		{874AE2B7-C797-423A-8D42-F368FB7F69DC}.Release|x86.ActiveCfg = Release|Win32
		{874AE2B7-C797-423A-8D42-F368FB7F69DC}.Release|x86.Build.0 = Release|Win32
	EndGlobalSection
	GlobalSection(SolutionProperties) = preSolution
		HideSolutionNode = FALSE
	EndGlobalSection
	GlobalSection(ExtensibilityGlobals) = postSolution
		SolutionGuid = {199253C9-EBA4-4113-849F-FC995018316E}
	EndGlobalSection
EndGlobal
